
Microsoft Visual Studio Solution File, Format Version 12.00
# Visual Studio Version 17
VisualStudioVersion = 17.0.31903.59
MinimumVisualStudioVersion = 10.0.40219.1
Project("{2150E333-8FDC-42A3-9474-1A3956D46DE8}") = "src", "src", "{061BC096-7A4D-410E-85B4-12028374D092}"
EndProject
Project("{FAE04EC0-301F-11D3-BF4B-00C04F79EFBC}") = "PrimeService", "src\PrimeService\PrimeService.csproj", "{825AC341-A081-401D-8757-E1EB9F6F82B6}"
EndProject
Project("{FAE04EC0-301F-11D3-BF4B-00C04F79EFBC}") = "PrimeService.Tests", "src\PrimeService.Tests\PrimeService.Tests.csproj", "{64DDF4E4-C469-4F62-ABE6-511A61EAF6DB}"
EndProject
Global
	GlobalSection(SolutionConfigurationPlatforms) = preSolution
		Debug|Any CPU = Debug|Any CPU
		Release|Any CPU = Release|Any CPU
	EndGlobalSection
	GlobalSection(SolutionProperties) = preSolution
		HideSolutionNode = FALSE
	EndGlobalSection
	GlobalSection(ProjectConfigurationPlatforms) = postSolution
		{825AC341-A081-401D-8757-E1EB9F6F82B6}.Debug|Any CPU.ActiveCfg = Debug|Any CPU
		{825AC341-A081-401D-8757-E1EB9F6F82B6}.Debug|Any CPU.Build.0 = Debug|Any CPU
		{825AC341-A081-401D-8757-E1EB9F6F82B6}.Release|Any CPU.ActiveCfg = Release|Any CPU
		{825AC341-A081-401D-8757-E1EB9F6F82B6}.Release|Any CPU.Build.0 = Release|Any CPU
		{64DDF4E4-C469-4F62-ABE6-511A61EAF6DB}.Debug|Any CPU.ActiveCfg = Debug|Any CPU
		{64DDF4E4-C469-4F62-ABE6-511A61EAF6DB}.Debug|Any CPU.Build.0 = Debug|Any CPU
		{64DDF4E4-C469-4F62-ABE6-511A61EAF6DB}.Release|Any CPU.ActiveCfg = Release|Any CPU
		{64DDF4E4-C469-4F62-ABE6-511A61EAF6DB}.Release|Any CPU.Build.0 = Release|Any CPU
	EndGlobalSection
	GlobalSection(NestedProjects) = preSolution
		{825AC341-A081-401D-8757-E1EB9F6F82B6} = {061BC096-7A4D-410E-85B4-12028374D092}
		{64DDF4E4-C469-4F62-ABE6-511A61EAF6DB} = {061BC096-7A4D-410E-85B4-12028374D092}
	EndGlobalSection
EndGlobal
